
Microsoft Visual Studio Solution File, Format Version 12.00
# Visual Studio 15
VisualStudioVersion = 15.0.28307.645
MinimumVisualStudioVersion = 10.0.40219.1
Project("{FAE04EC0-301F-11D3-BF4B-00C04F79EFBC}") = "Task1Serializator", "Task1Serializator\Task1Serializator.csproj", "{022C05EF-E421-4C31-B179-BE7B58A06F3B}"
EndProject
Global
	GlobalSection(SolutionConfigurationPlatforms) = preSolution
		Debug|Any CPU = Debug|Any CPU
		Release|Any CPU = Release|Any CPU
	EndGlobalSection
	GlobalSection(ProjectConfigurationPlatforms) = postSolution
		{022C05EF-E421-4C31-B179-BE7B58A06F3B}.Debug|Any CPU.ActiveCfg = Debug|Any CPU
		{022C05EF-E421-4C31-B179-BE7B58A06F3B}.Debug|Any CPU.Build.0 = Debug|Any CPU
		{022C05EF-E421-4C31-B179-BE7B58A06F3B}.Release|Any CPU.ActiveCfg = Release|Any CPU
		{022C05EF-E421-4C31-B179-BE7B58A06F3B}.Release|Any CPU.Build.0 = Release|Any CPU
	EndGlobalSection
	GlobalSection(SolutionProperties) = preSolution
		HideSolutionNode = FALSE
	EndGlobalSection
	GlobalSection(ExtensibilityGlobals) = postSolution
		SolutionGuid = {F4C06ACC-B663-49B4-9D9A-2CF47078C71D}
	EndGlobalSection
EndGlobal
